# This file is automatically @generated by Cargo.
# It is not intended for manual editing.
version = 4

[[package]]
name = "bench-harness"
version = "0.1.0"

[[package]]
name = "collector"
version = "0.1.0"

[[package]]
name = "common"
version = "0.1.0"

[[package]]
name = "feature-engine"
version = "0.1.0"

[[package]]
name = "kalshi-client"
version = "0.1.0"

[[package]]
name = "orderbook-core"
version = "0.1.0"
